
Microsoft Visual Studio Solution File, Format Version 12.00
# Visual Studio Version 17
VisualStudioVersion = 17.2.32526.322
MinimumVisualStudioVersion = 10.0.40219.1
Project("{FAE04EC0-301F-11D3-BF4B-00C04F79EFBC}") = "ExamenFinalProg", "ExamenFinalProg\ExamenFinalProg.csproj", "{0F70DF35-7EA7-4CB3-9335-D514D4483888}"
EndProject
Global
	GlobalSection(SolutionConfigurationPlatforms) = preSolution
		Debug|Any CPU = Debug|Any CPU
		Release|Any CPU = Release|Any CPU
	EndGlobalSection
	GlobalSection(ProjectConfigurationPlatforms) = postSolution
		{0F70DF35-7EA7-4CB3-9335-D514D4483888}.Debug|Any CPU.ActiveCfg = Debug|Any CPU
		{0F70DF35-7EA7-4CB3-9335-D514D4483888}.Debug|Any CPU.Build.0 = Debug|Any CPU
		{0F70DF35-7EA7-4CB3-9335-D514D4483888}.Release|Any CPU.ActiveCfg = Release|Any CPU
		{0F70DF35-7EA7-4CB3-9335-D514D4483888}.Release|Any CPU.Build.0 = Release|Any CPU
	EndGlobalSection
	GlobalSection(SolutionProperties) = preSolution
		HideSolutionNode = FALSE
	EndGlobalSection
	GlobalSection(ExtensibilityGlobals) = postSolution
		SolutionGuid = {94E641A4-CDF3-4558-816A-74B51A52457C}
	EndGlobalSection
EndGlobal
